// !$*UTF8*$!
{
	archiveVersion = 1;
	classes = {
	};
	objectVersion = 50;
	objects = {

/* Begin PBXBuildFile section */
		49D181D624DCE9D40008786B /* AppDelegate.swift in Sources */ = {isa = PBXBuildFile; fileRef = 49D181D524DCE9D40008786B /* AppDelegate.swift */; };
		49D181D824DCE9D40008786B /* SceneDelegate.swift in Sources */ = {isa = PBXBuildFile; fileRef = 49D181D724DCE9D40008786B /* SceneDelegate.swift */; };
		49D181DA24DCE9D40008786B /* ViewController.swift in Sources */ = {isa = PBXBuildFile; fileRef = 49D181D924DCE9D40008786B /* ViewController.swift */; };
		49D181DD24DCE9D40008786B /* Main.storyboard in Resources */ = {isa = PBXBuildFile; fileRef = 49D181DB24DCE9D40008786B /* Main.storyboard */; };
		49D181DF24DCE9D50008786B /* Assets.xcassets in Resources */ = {isa = PBXBuildFile; fileRef = 49D181DE24DCE9D50008786B /* Assets.xcassets */; };
		49D181E224DCE9D50008786B /* LaunchScreen.storyboard in Resources */ = {isa = PBXBuildFile; fileRef = 49D181E024DCE9D50008786B /* LaunchScreen.storyboard */; };
		49D181EE24DCEDB20008786B /* Article.swift in Sources */ = {isa = PBXBuildFile; fileRef = 49D181ED24DCEDB20008786B /* Article.swift */; };
		49D181F024DCEDCD0008786B /* NewsFeed.swift in Sources */ = {isa = PBXBuildFile; fileRef = 49D181EF24DCEDCD0008786B /* NewsFeed.swift */; };
		49D181F224DCEFC30008786B /* FlowerViewController.swift in Sources */ = {isa = PBXBuildFile; fileRef = 49D181F124DCEFC30008786B /* FlowerViewController.swift */; };
/* End PBXBuildFile section */

/* Begin PBXFileReference section */
		49D181D224DCE9D40008786B /* EndTermELiasAguilera.app */ = {isa = PBXFileReference; explicitFileType = wrapper.application; includeInIndex = 0; path = EndTermELiasAguilera.app; sourceTree = BUILT_PRODUCTS_DIR; };
		49D181D524DCE9D40008786B /* AppDelegate.swift */ = {isa = PBXFileReference; lastKnownFileType = sourcecode.swift; path = AppDelegate.swift; sourceTree = "<group>"; };
		49D181D724DCE9D40008786B /* SceneDelegate.swift */ = {isa = PBXFileReference; lastKnownFileType = sourcecode.swift; path = SceneDelegate.swift; sourceTree = "<group>"; };
		49D181D924DCE9D40008786B /* ViewController.swift */ = {isa = PBXFileReference; lastKnownFileType = sourcecode.swift; path = ViewController.swift; sourceTree = "<group>"; };
		49D181DC24DCE9D40008786B /* Base */ = {isa = PBXFileReference; lastKnownFileType = file.storyboard; name = Base; path = Base.lproj/Main.storyboard; sourceTree = "<group>"; };
		49D181DE24DCE9D50008786B /* Assets.xcassets */ = {isa = PBXFileReference; lastKnownFileType = folder.assetcatalog; path = Assets.xcassets; sourceTree = "<group>"; };
		49D181E124DCE9D50008786B /* Base */ = {isa = PBXFileReference; lastKnownFileType = file.storyboard; name = Base; path = Base.lproj/LaunchScreen.storyboard; sourceTree = "<group>"; };
		49D181E324DCE9D50008786B /* Info.plist */ = {isa = PBXFileReference; lastKnownFileType = text.plist.xml; path = Info.plist; sourceTree = "<group>"; };
		49D181ED24DCEDB20008786B /* Article.swift */ = {isa = PBXFileReference; lastKnownFileType = sourcecode.swift; path = Article.swift; sourceTree = "<group>"; };
		49D181EF24DCEDCD0008786B /* NewsFeed.swift */ = {isa = PBXFileReference; lastKnownFileType = sourcecode.swift; path = NewsFeed.swift; sourceTree = "<group>"; };
		49D181F124DCEFC30008786B /* FlowerViewController.swift */ = {isa = PBXFileReference; lastKnownFileType = sourcecode.swift; path = FlowerViewController.swift; sourceTree = "<group>"; };
/* End PBXFileReference section */

/* Begin PBXFrameworksBuildPhase section */
		49D181CF24DCE9D40008786B /* Frameworks */ = {
			isa = PBXFrameworksBuildPhase;
			buildActionMask = 2147483647;
			files = (
			);
			runOnlyForDeploymentPostprocessing = 0;
		};
/* End PBXFrameworksBuildPhase section */

/* Begin PBXGroup section */
		49D181C924DCE9D40008786B = {
			isa = PBXGroup;
			children = (
				49D181D424DCE9D40008786B /* EndTermELiasAguilera */,
				49D181D324DCE9D40008786B /* Products */,
			);
			sourceTree = "<group>";
		};
		49D181D324DCE9D40008786B /* Products */ = {
			isa = PBXGroup;
			children = (
				49D181D224DCE9D40008786B /* EndTermELiasAguilera.app */,
			);
			name = Products;
			sourceTree = "<group>";
		};
		49D181D424DCE9D40008786B /* EndTermELiasAguilera */ = {
			isa = PBXGroup;
			children = (
				49D181D524DCE9D40008786B /* AppDelegate.swift */,
				49D181D724DCE9D40008786B /* SceneDelegate.swift */,
				49D181D924DCE9D40008786B /* ViewController.swift */,
				49D181DE24DCE9D50008786B /* Assets.xcassets */,
				49D181E024DCE9D50008786B /* LaunchScreen.storyboard */,
				49D181E324DCE9D50008786B /* Info.plist */,
				49D181DB24DCE9D40008786B /* Main.storyboard */,
				49D181ED24DCEDB20008786B /* Article.swift */,
				49D181EF24DCEDCD0008786B /* NewsFeed.swift */,
				49D181F124DCEFC30008786B /* FlowerViewController.swift */,
			);
			path = EndTermELiasAguilera;
			sourceTree = "<group>";
		};
/* End PBXGroup section */

/* Begin PBXNativeTarget section */
		49D181D124DCE9D40008786B /* EndTermELiasAguilera */ = {
			isa = PBXNativeTarget;
			buildConfigurationList = 49D181E624DCE9D50008786B /* Build configuration list for PBXNativeTarget "EndTermELiasAguilera" */;
			buildPhases = (
				49D181CE24DCE9D40008786B /* Sources */,
				49D181CF24DCE9D40008786B /* Frameworks */,
				49D181D024DCE9D40008786B /* Resources */,
			);
			buildRules = (
			);
			dependencies = (
			);
			name = EndTermELiasAguilera;
			productName = EndTermELiasAguilera;
			productReference = 49D181D224DCE9D40008786B /* EndTermELiasAguilera.app */;
			productType = "com.apple.product-type.application";
		};
/* End PBXNativeTarget section */

/* Begin PBXProject section */
		49D181CA24DCE9D40008786B /* Project object */ = {
			isa = PBXProject;
			attributes = {
				LastSwiftUpdateCheck = 1130;
				LastUpgradeCheck = 1130;
				ORGANIZATIONNAME = "Elias Aguilera Yambay";
				TargetAttributes = {
					49D181D124DCE9D40008786B = {
						CreatedOnToolsVersion = 11.3.1;
					};
				};
			};
			buildConfigurationList = 49D181CD24DCE9D40008786B /* Build configuration list for PBXProject "EndTermELiasAguilera" */;
			compatibilityVersion = "Xcode 9.3";
			developmentRegion = en;
			hasScannedForEncodings = 0;
			knownRegions = (
				en,
				Base,
			);
			mainGroup = 49D181C924DCE9D40008786B;
			productRefGroup = 49D181D324DCE9D40008786B /* Products */;
			projectDirPath = "";
			projectRoot = "";
			targets = (
				49D181D124DCE9D40008786B /* EndTermELiasAguilera */,
			);
		};
/* End PBXProject section */

/* Begin PBXResourcesBuildPhase section */
		49D181D024DCE9D40008786B /* Resources */ = {
			isa = PBXResourcesBuildPhase;
			buildActionMask = 2147483647;
			files = (
				49D181E224DCE9D50008786B /* LaunchScreen.storyboard in Resources */,
				49D181DF24DCE9D50008786B /* Assets.xcassets in Resources */,
				49D181DD24DCE9D40008786B /* Main.storyboard in Resources */,
			);
			runOnlyForDeploymentPostprocessing = 0;
		};
/* End PBXResourcesBuildPhase section */

/* Begin PBXSourcesBuildPhase section */
		49D181CE24DCE9D40008786B /* Sources */ = {
			isa = PBXSourcesBuildPhase;
			buildActionMask = 2147483647;
			files = (
				49D181EE24DCEDB20008786B /* Article.swift in Sources */,
				49D181DA24DCE9D40008786B /* ViewController.swift in Sources */,
				49D181D624DCE9D40008786B /* AppDelegate.swift in Sources */,
				49D181F024DCEDCD0008786B /* NewsFeed.swift in Sources */,
				49D181D824DCE9D40008786B /* SceneDelegate.swift in Sources */,
				49D181F224DCEFC30008786B /* FlowerViewController.swift in Sources */,
			);
			runOnlyForDeploymentPostprocessing = 0;
		};
/* End PBXSourcesBuildPhase section */

/* Begin PBXVariantGroup section */
		49D181DB24DCE9D40008786B /* Main.storyboard */ = {
			isa = PBXVariantGroup;
			children = (
				49D181DC24DCE9D40008786B /* Base */,
			);
			name = Main.storyboard;
			sourceTree = "<group>";
		};
		49D181E024DCE9D50008786B /* LaunchScreen.storyboard */ = {
			isa = PBXVariantGroup;
			children = (
				49D181E124DCE9D50008786B /* Base */,
			);
			name = LaunchScreen.storyboard;
			sourceTree = "<group>";
		};
/* End PBXVariantGroup section */

/* Begin XCBuildConfiguration section */
		49D181E424DCE9D50008786B /* Debug */ = {
			isa = XCBuildConfiguration;
			buildSettings = {
				ALWAYS_SEARCH_USER_PATHS = NO;
				CLANG_ANALYZER_NONNULL = YES;
				CLANG_ANALYZER_NUMBER_OBJECT_CONVERSION = YES_AGGRESSIVE;
				CLANG_CXX_LANGUAGE_STANDARD = "gnu++14";
				CLANG_CXX_LIBRARY = "libc++";
				CLANG_ENABLE_MODULES = YES;
				CLANG_ENABLE_OBJC_ARC = YES;
				CLANG_ENABLE_OBJC_WEAK = YES;
				CLANG_WARN_BLOCK_CAPTURE_AUTORELEASING = YES;
				CLANG_WARN_BOOL_CONVERSION = YES;
				CLANG_WARN_COMMA = YES;
				CLANG_WARN_CONSTANT_CONVERSION = YES;
				CLANG_WARN_DEPRECATED_OBJC_IMPLEMENTATIONS = YES;
				CLANG_WARN_DIRECT_OBJC_ISA_USAGE = YES_ERROR;
				CLANG_WARN_DOCUMENTATION_COMMENTS = YES;
				CLANG_WARN_EMPTY_BODY = YES;
				CLANG_WARN_ENUM_CONVERSION = YES;
				CLANG_WARN_INFINITE_RECURSION = YES;
				CLANG_WARN_INT_CONVERSION = YES;
				CLANG_WARN_NON_LITERAL_NULL_CONVERSION = YES;
				CLANG_WARN_OBJC_IMPLICIT_RETAIN_SELF = YES;
				CLANG_WARN_OBJC_LITERAL_CONVERSION = YES;
				CLANG_WARN_OBJC_ROOT_CLASS = YES_ERROR;
				CLANG_WARN_RANGE_LOOP_ANALYSIS = YES;
				CLANG_WARN_STRICT_PROTOTYPES = YES;
				CLANG_WARN_SUSPICIOUS_MOVE = YES;
				CLANG_WARN_UNGUARDED_AVAILABILITY = YES_AGGRESSIVE;
				CLANG_WARN_UNREACHABLE_CODE = YES;
				CLANG_WARN__DUPLICATE_METHOD_MATCH = YES;
				COPY_PHASE_STRIP = NO;
				DEBUG_INFORMATION_FORMAT = dwarf;
				ENABLE_STRICT_OBJC_MSGSEND = YES;
				ENABLE_TESTABILITY = YES;
				GCC_C_LANGUAGE_STANDARD = gnu11;
				GCC_DYNAMIC_NO_PIC = NO;
				GCC_NO_COMMON_BLOCKS = YES;
				GCC_OPTIMIZATION_LEVEL = 0;
				GCC_PREPROCESSOR_DEFINITIONS = (
					"DEBUG=1",
					"$(inherited)",
				);
				GCC_WARN_64_TO_32_BIT_CONVERSION = YES;
				GCC_WARN_ABOUT_RETURN_TYPE = YES_ERROR;
				GCC_WARN_UNDECLARED_SELECTOR = YES;
				GCC_WARN_UNINITIALIZED_AUTOS = YES_AGGRESSIVE;
				GCC_WARN_UNUSED_FUNCTION = YES;
				GCC_WARN_UNUSED_VARIABLE = YES;
				IPHONEOS_DEPLOYMENT_TARGET = 13.2;
				MTL_ENABLE_DEBUG_INFO = INCLUDE_SOURCE;
				MTL_FAST_MATH = YES;
				ONLY_ACTIVE_ARCH = YES;
				SDKROOT = iphoneos;
				SWIFT_ACTIVE_COMPILATION_CONDITIONS = DEBUG;
				SWIFT_OPTIMIZATION_LEVEL = "-Onone";
			};
			name = Debug;
		};
		49D181E524DCE9D50008786B /* Release */ = {
			isa = XCBuildConfiguration;
			buildSettings = {
				ALWAYS_SEARCH_USER_PATHS = NO;
				CLANG_ANALYZER_NONNULL = YES;
				CLANG_ANALYZER_NUMBER_OBJECT_CONVERSION = YES_AGGRESSIVE;
				CLANG_CXX_LANGUAGE_STANDARD = "gnu++14";
				CLANG_CXX_LIBRARY = "libc++";
				CLANG_ENABLE_MODULES = YES;
				CLANG_ENABLE_OBJC_ARC = YES;
				CLANG_ENABLE_OBJC_WEAK = YES;
				CLANG_WARN_BLOCK_CAPTURE_AUTORELEASING = YES;
				CLANG_WARN_BOOL_CONVERSION = YES;
				CLANG_WARN_COMMA = YES;
				CLANG_WARN_CONSTANT_CONVERSION = YES;
				CLANG_WARN_DEPRECATED_OBJC_IMPLEMENTATIONS = YES;
				CLANG_WARN_DIRECT_OBJC_ISA_USAGE = YES_ERROR;
				CLANG_WARN_DOCUMENTATION_COMMENTS = YES;
				CLANG_WARN_EMPTY_BODY = YES;
				CLANG_WARN_ENUM_CONVERSION = YES;
				CLANG_WARN_INFINITE_RECURSION = YES;
				CLANG_WARN_INT_CONVERSION = YES;
				CLANG_WARN_NON_LITERAL_NULL_CONVERSION = YES;
				CLANG_WARN_OBJC_IMPLICIT_RETAIN_SELF = YES;
				CLANG_WARN_OBJC_LITERAL_CONVERSION = YES;
				CLANG_WARN_OBJC_ROOT_CLASS = YES_ERROR;
				CLANG_WARN_RANGE_LOOP_ANALYSIS = YES;
				CLANG_WARN_STRICT_PROTOTYPES = YES;
				CLANG_WARN_SUSPICIOUS_MOVE = YES;
				CLANG_WARN_UNGUARDED_AVAILABILITY = YES_AGGRESSIVE;
				CLANG_WARN_UNREACHABLE_CODE = YES;
				CLANG_WARN__DUPLICATE_METHOD_MATCH = YES;
				COPY_PHASE_STRIP = NO;
				DEBUG_INFORMATION_FORMAT = "dwarf-with-dsym";
				ENABLE_NS_ASSERTIONS = NO;
				ENABLE_STRICT_OBJC_MSGSEND = YES;
				GCC_C_LANGUAGE_STANDARD = gnu11;
				GCC_NO_COMMON_BLOCKS = YES;
				GCC_WARN_64_TO_32_BIT_CONVERSION = YES;
				GCC_WARN_ABOUT_RETURN_TYPE = YES_ERROR;
				GCC_WARN_UNDECLARED_SELECTOR = YES;
				GCC_WARN_UNINITIALIZED_AUTOS = YES_AGGRESSIVE;
				GCC_WARN_UNUSED_FUNCTION = YES;
				GCC_WARN_UNUSED_VARIABLE = YES;
				IPHONEOS_DEPLOYMENT_TARGET = 13.2;
				MTL_ENABLE_DEBUG_INFO = NO;
				MTL_FAST_MATH = YES;
				SDKROOT = iphoneos;
				SWIFT_COMPILATION_MODE = wholemodule;
				SWIFT_OPTIMIZATION_LEVEL = "-O";
				VALIDATE_PRODUCT = YES;
			};
			name = Release;
		};
		49D181E724DCE9D50008786B /* Debug */ = {
			isa = XCBuildConfiguration;
			buildSettings = {
				ASSETCATALOG_COMPILER_APPICON_NAME = AppIcon;
				CODE_SIGN_STYLE = Automatic;
				INFOPLIST_FILE = EndTermELiasAguilera/Info.plist;
				LD_RUNPATH_SEARCH_PATHS = (
					"$(inherited)",
					"@executable_path/Frameworks",
				);
				PRODUCT_BUNDLE_IDENTIFIER = Elias.EndTermELiasAguilera;
				PRODUCT_NAME = "$(TARGET_NAME)";
				SWIFT_VERSION = 5.0;
				TARGETED_DEVICE_FAMILY = "1,2";
			};
			name = Debug;
		};
		49D181E824DCE9D50008786B /* Release */ = {
			isa = XCBuildConfiguration;
			buildSettings = {
				ASSETCATALOG_COMPILER_APPICON_NAME = AppIcon;
				CODE_SIGN_STYLE = Automatic;
				INFOPLIST_FILE = EndTermELiasAguilera/Info.plist;
				LD_RUNPATH_SEARCH_PATHS = (
					"$(inherited)",
					"@executable_path/Frameworks",
				);
				PRODUCT_BUNDLE_IDENTIFIER = Elias.EndTermELiasAguilera;
				PRODUCT_NAME = "$(TARGET_NAME)";
				SWIFT_VERSION = 5.0;
				TARGETED_DEVICE_FAMILY = "1,2";
			};
			name = Release;
		};
/* End XCBuildConfiguration section */

/* Begin XCConfigurationList section */
		49D181CD24DCE9D40008786B /* Build configuration list for PBXProject "EndTermELiasAguilera" */ = {
			isa = XCConfigurationList;
			buildConfigurations = (
				49D181E424DCE9D50008786B /* Debug */,
				49D181E524DCE9D50008786B /* Release */,
			);
			defaultConfigurationIsVisible = 0;
			defaultConfigurationName = Release;
		};
		49D181E624DCE9D50008786B /* Build configuration list for PBXNativeTarget "EndTermELiasAguilera" */ = {
			isa = XCConfigurationList;
			buildConfigurations = (
				49D181E724DCE9D50008786B /* Debug */,
				49D181E824DCE9D50008786B /* Release */,
			);
			defaultConfigurationIsVisible = 0;
			defaultConfigurationName = Release;
		};
/* End XCConfigurationList section */
	};
	rootObject = 49D181CA24DCE9D40008786B /* Project object */;
}
